<?xml version="1.0" encoding="utf-8"?>
<Project ToolsVersion="4.0" xmlns="http://schemas.microsoft.com/developer/msbuild/2003">
  <ItemGroup>
    <Filter Include="Source Files">
      <UniqueIdentifier>{4FC737F1-C7A5-4376-A066-2A32D752A2FF}</UniqueIdentifier>
      <Extensions>cpp;c;cc;cxx;def;odl;idl;hpj;bat;asm;asmx</Extensions>
    </Filter>
    <Filter Include="Header Files">
      <UniqueIdentifier>{93995380-89BD-4b04-88EB-625FBE52EBFB}</UniqueIdentifier>
      <Extensions>h;hpp;hxx;hm;inl;inc;xsd</Extensions>
    </Filter>
    <Filter Include="Resource Files">
      <UniqueIdentifier>{67DA6AB6-F800-4c08-8B7A-83BB121AAD01}</UniqueIdentifier>
      <Extensions>rc;ico;cur;bmp;dlg;rc2;rct;bin;rgs;gif;jpg;jpeg;jpe;resx;tiff;tif;png;wav;mfcribbon-ms</Extensions>
    </Filter>
    <Filter Include="asm">
      <UniqueIdentifier>{068a62b3-776d-4b11-9136-17812912dd54}</UniqueIdentifier>
    </Filter>
  </ItemGroup>
  <ItemGroup>
    <None Include="..\haribos\haribote\!cons_nt.bat">
      <Filter>Source Files</Filter>
    </None>
    <None Include="..\haribos\haribote\make.bat">
      <Filter>Source Files</Filter>
    </None>
    <None Include="..\haribos\haribote\Makefile" />
    <None Include="..\haribos\haribote\naskfunc.nas">
      <Filter>asm</Filter>
    </None>
    <None Include="..\haribos\haribote\ipl09.nas">
      <Filter>asm</Filter>
    </None>
    <None Include="..\haribos\haribote\asmhead.nas">
      <Filter>asm</Filter>
    </None>
  </ItemGroup>
  <ItemGroup>
    <ClCompile Include="..\haribos\haribote\bootpack.c">
      <Filter>Source Files</Filter>
    </ClCompile>
    <ClCompile Include="..\haribos\haribote\console.c">
      <Filter>Source Files</Filter>
    </ClCompile>
    <ClCompile Include="..\haribos\haribote\dsctbl.c">
      <Filter>Source Files</Filter>
    </ClCompile>
    <ClCompile Include="..\haribos\haribote\fifo.c">
      <Filter>Source Files</Filter>
    </ClCompile>
    <ClCompile Include="..\haribos\haribote\file.c">
      <Filter>Source Files</Filter>
    </ClCompile>
    <ClCompile Include="..\haribos\haribote\graphic.c">
      <Filter>Source Files</Filter>
    </ClCompile>
    <ClCompile Include="..\haribos\haribote\int.c">
      <Filter>Source Files</Filter>
    </ClCompile>
    <ClCompile Include="..\haribos\haribote\keyboard.c">
      <Filter>Source Files</Filter>
    </ClCompile>
    <ClCompile Include="..\haribos\haribote\memory.c">
      <Filter>Source Files</Filter>
    </ClCompile>
    <ClCompile Include="..\haribos\haribote\mouse.c">
      <Filter>Source Files</Filter>
    </ClCompile>
    <ClCompile Include="..\haribos\haribote\mtask.c">
      <Filter>Source Files</Filter>
    </ClCompile>
    <ClCompile Include="..\haribos\haribote\sheet.c">
      <Filter>Source Files</Filter>
    </ClCompile>
    <ClCompile Include="..\haribos\haribote\tek.c">
      <Filter>Source Files</Filter>
    </ClCompile>
    <ClCompile Include="..\haribos\haribote\timer.c">
      <Filter>Source Files</Filter>
    </ClCompile>
    <ClCompile Include="..\haribos\haribote\window.c">
      <Filter>Source Files</Filter>
    </ClCompile>
  </ItemGroup>
  <ItemGroup>
    <ClInclude Include="..\haribos\haribote\bootpack.h">
      <Filter>Header Files</Filter>
    </ClInclude>
  </ItemGroup>
  <ItemGroup>
    <Text Include="..\haribos\haribote\hankaku.txt">
      <Filter>Resource Files</Filter>
    </Text>
  </ItemGroup>
</Project>