
Microsoft Visual Studio Solution File, Format Version 12.00
# Visual Studio 2012
Project("{8BC9CEB8-8B4A-11D0-8D11-00A0C91BC942}") = "haribote", "haribote.vcxproj", "{E58819A1-BA57-48D2-9BF3-82961D8BD91E}"
EndProject
Global
	GlobalSection(SolutionConfigurationPlatforms) = preSolution
		Debug|Win32 = Debug|Win32
		Release|Win32 = Release|Win32
	EndGlobalSection
	GlobalSection(ProjectConfigurationPlatforms) = postSolution
		{E58819A1-BA57-48D2-9BF3-82961D8BD91E}.Debug|Win32.ActiveCfg = Debug|Win32
		{E58819A1-BA57-48D2-9BF3-82961D8BD91E}.Debug|Win32.Build.0 = Debug|Win32
		{E58819A1-BA57-48D2-9BF3-82961D8BD91E}.Release|Win32.ActiveCfg = Release|Win32
		{E58819A1-BA57-48D2-9BF3-82961D8BD91E}.Release|Win32.Build.0 = Release|Win32
	EndGlobalSection
	GlobalSection(SolutionProperties) = preSolution
		HideSolutionNode = FALSE
	EndGlobalSection
EndGlobal
